
Microsoft Visual Studio Solution File, Format Version 12.00
# Visual Studio 15
VisualStudioVersion = 15.0.28307.1145
MinimumVisualStudioVersion = 10.0.40219.1
Project("{FAE04EC0-301F-11D3-BF4B-00C04F79EFBC}") = "PerformanceCases", "PerformanceCases\PerformanceCases.csproj", "{CCD1F3E8-FF39-4478-A717-65A77FF1983E}"
EndProject
Global
	GlobalSection(SolutionConfigurationPlatforms) = preSolution
		Debug|Any CPU = Debug|Any CPU
		Release|Any CPU = Release|Any CPU
	EndGlobalSection
	GlobalSection(ProjectConfigurationPlatforms) = postSolution
		{CCD1F3E8-FF39-4478-A717-65A77FF1983E}.Debug|Any CPU.ActiveCfg = Debug|Any CPU
		{CCD1F3E8-FF39-4478-A717-65A77FF1983E}.Debug|Any CPU.Build.0 = Debug|Any CPU
		{CCD1F3E8-FF39-4478-A717-65A77FF1983E}.Release|Any CPU.ActiveCfg = Release|Any CPU
		{CCD1F3E8-FF39-4478-A717-65A77FF1983E}.Release|Any CPU.Build.0 = Release|Any CPU
	EndGlobalSection
	GlobalSection(SolutionProperties) = preSolution
		HideSolutionNode = FALSE
	EndGlobalSection
	GlobalSection(ExtensibilityGlobals) = postSolution
		SolutionGuid = {3C8AA092-058A-43C1-8E70-6C46688715B4}
	EndGlobalSection
EndGlobal
